PODS:
  - Bolts (1.9.0):
    - Bolts/AppLinks (= 1.9.0)
    - Bolts/Tasks (= 1.9.0)
  - Bolts/AppLinks (1.9.0):
    - Bolts/Tasks
  - Bolts/Tasks (1.9.0)
  - FBSDKCoreKit (4.31.1):
    - Bolts (~> 1.7)
  - FBSDKLoginKit (4.31.1):
    - FBSDKCoreKit
  - JSONModel (1.7.0)
  - PopdeemSDK (1.1.2):
    - PopdeemSDK/Core (= 1.1.2)
  - PopdeemSDK/Core (1.1.2):
    - Bolts
    - FBSDKCoreKit
    - FBSDKLoginKit
    - JSONModel
    - Realm
    - Shimmer
    - STTwitter
  - PopdeemSDK/UIKit (1.1.2):
    - PopdeemSDK/Core
  - Realm (3.3.2):
    - Realm/Headers (= 3.3.2)
  - Realm/Headers (3.3.2)
  - Shimmer (1.0.2)
  - STTwitter (0.2.6)

DEPENDENCIES:
  - PopdeemSDK (~> 1.1.2)
  - PopdeemSDK/UIKit (~> 1.1.2)

SPEC CHECKSUMS:
  Bolts: ac6567323eac61e203f6a9763667d0f711be34c8
  FBSDKCoreKit: e08ccfcefa7bc1347a07c276dac9bf6c7fe57024
  FBSDKLoginKit: 99797ac39252fef6f72600b886f6ee60b4b29cab
  JSONModel: 840bc0fcffb24b8454d2c026bf26fea454b8e98d
  PopdeemSDK: 3a9479933921d8cf561917bc59c57f7ebed20c83
  Realm: d927fbf66df5532cfafc08afb5f7e53ded37b894
  Shimmer: c5374be1c2b0c9e292fb05b339a513cf291cac86
  STTwitter: 30ee2f79eff78c3d633a1edc869e97db9c9ead59

PODFILE CHECKSUM: ee9ce115f35a4c040e741f4971a3840994174d71

COCOAPODS: 1.4.0
