PODS:
  - Bolts (1.9.0):
    - Bolts/AppLinks (= 1.9.0)
    - Bolts/Tasks (= 1.9.0)
  - Bolts/AppLinks (1.9.0):
    - Bolts/Tasks
  - Bolts/Tasks (1.9.0)
  - FBSDKCoreKit (4.29.0):
    - Bolts (~> 1.7)
  - FBSDKLoginKit (4.29.0):
    - FBSDKCoreKit
  - FBSDKShareKit (4.29.0):
    - FBSDKCoreKit
  - JSONModel (1.7.0)
  - PopdeemSDK (1.1.28):
    - PopdeemSDK/Core (= 1.1.28)
  - PopdeemSDK/Core (1.1.28):
    - Bolts
    - FBSDKCoreKit
    - FBSDKLoginKit
    - FBSDKShareKit
    - JSONModel
    - Realm
    - Shimmer
    - TOCropViewController
    - TwitterKit
  - Realm (3.7.4):
    - Realm/Headers (= 3.7.4)
  - Realm/Headers (3.7.4)
  - Shimmer (1.0.2)
  - TOCropViewController (2.3.6)
  - TwitterCore (3.2.0)
  - TwitterKit (3.4.0):
    - TwitterCore (>= 3.1.0)

DEPENDENCIES:
  - FBSDKCoreKit (< 4.30)
  - FBSDKLoginKit (< 4.30)
  - FBSDKShareKit (< 4.30)
  - PopdeemSDK (= 1.1.28)

SPEC REPOS:
  https://github.com/cocoapods/specs.git:
    - Bolts
    - FBSDKCoreKit
    - FBSDKLoginKit
    - FBSDKShareKit
    - JSONModel
    - PopdeemSDK
    - Realm
    - Shimmer
    - TOCropViewController
    - TwitterCore
    - TwitterKit

SPEC CHECKSUMS:
  Bolts: ac6567323eac61e203f6a9763667d0f711be34c8
  FBSDKCoreKit: 6f139173dc63a1deaff4430a55f2fe5bb222d2af
  FBSDKLoginKit: 56a057ca6822535ea0faa25f57a7c41edb697fd4
  FBSDKShareKit: 18a2cd118aef11dd657fe7e8b64bae5c719088b2
  JSONModel: 840bc0fcffb24b8454d2c026bf26fea454b8e98d
  PopdeemSDK: 8daeb8cf1dcac3d1ca261199713820762f13b494
  Realm: a469bb59e33f9926102ccaea4349822c53b9117e
  Shimmer: c5374be1c2b0c9e292fb05b339a513cf291cac86
  TOCropViewController: 6d972f2c609372312648f96758e13a7f689efbc0
  TwitterCore: 8cbc9ad34d91c63a0035ea05bfbfc0d7ca72a28c
  TwitterKit: bc7bd086b9b724a1d888745a054e1d0b1ecc4f3f

PODFILE CHECKSUM: 9d5ab246d6c799c8b0fd01344ff383ed6d1bf56d

COCOAPODS: 1.5.3
