// !$*UTF8*$!
{
	archiveVersion = 1;
	classes = {
	};
	objectVersion = 46;
	objects = {

/* Begin PBXBuildFile section */
		0207DA581B56EA530066E2B4 /* Images.xcassets in Resources */ = {isa = PBXBuildFile; fileRef = 0207DA571B56EA530066E2B4 /* Images.xcassets */; };
		1D3623260D0F684500981E51 /* AppDelegate.m in Sources */ = {isa = PBXBuildFile; fileRef = 1D3623250D0F684500981E51 /* AppDelegate.m */; };
		1D60589B0D05DD56006BFB54 /* main.m in Sources */ = {isa = PBXBuildFile; fileRef = 29B97316FDCFA39411CA2CEA /* main.m */; };
		301BF552109A68D80062928A /* libCordova.a in Frameworks */ = {isa = PBXBuildFile; fileRef = 301BF535109A57CC0062928A /* libCordova.a */; };
		302D95F114D2391D003F00A1 /* MainViewController.m in Sources */ = {isa = PBXBuildFile; fileRef = 302D95EF14D2391D003F00A1 /* MainViewController.m */; };
		302D95F214D2391D003F00A1 /* MainViewController.xib in Resources */ = {isa = PBXBuildFile; fileRef = 302D95F014D2391D003F00A1 /* MainViewController.xib */; };
		36932DD076EF4DB99BF27DD4 /* Ribs_Burgers_LoginImage.png in Resources */ = {isa = PBXBuildFile; fileRef = 546891703CA54969A96433CF /* Ribs_Burgers_LoginImage.png */; };
		392637F92103A8B600AE9428 /* theme.json in Resources */ = {isa = PBXBuildFile; fileRef = 392637F82103A8B600AE9428 /* theme.json */; };
		53847903FB704172BB6B2277 /* Ribs_Burgers_LoginImage@2x.png in Resources */ = {isa = PBXBuildFile; fileRef = A43C8F85301E4F8A8B41D220 /* Ribs_Burgers_LoginImage@2x.png */; };
		5D4FFA4A769A44ECA5F9E79A /* Ribs_Burgers_LoginImage@3x.png in Resources */ = {isa = PBXBuildFile; fileRef = 35E812FDC01C44D8AAD0C571 /* Ribs_Burgers_LoginImage@3x.png */; };
		6AFF5BF91D6E424B00AB3073 /* CDVLaunchScreen.storyboard in Resources */ = {isa = PBXBuildFile; fileRef = 6AFF5BF81D6E424B00AB3073 /* CDVLaunchScreen.storyboard */; };
		8AEBD2ECD0C446D08776DEA9 /* Ribs_Burgers_Header.png in Resources */ = {isa = PBXBuildFile; fileRef = B6024E29AE0A4CF899DAEE53 /* Ribs_Burgers_Header.png */; };
		93465A16D84749D583A59256 /* AppDelegate+popdeem.m in Sources */ = {isa = PBXBuildFile; fileRef = 04E8089E7AB84B19B175ADD8 /* AppDelegate+popdeem.m */; };
		BB4861EBDF094A14B35BDFFD /* Ribs_Burgers_Header@2x.png in Resources */ = {isa = PBXBuildFile; fileRef = 71681CD1327A4CCE987F5361 /* Ribs_Burgers_Header@2x.png */; };
		C1F4A43F549148CEB5DF5E6D /* Popdeem.m in Sources */ = {isa = PBXBuildFile; fileRef = 2F97B9D2899B4A4391035CE7 /* Popdeem.m */; };
		FEAFE056947AF43B180B6944 /* libPods-HelloCordova.a in Frameworks */ = {isa = PBXBuildFile; fileRef = 3E3A7B622807B57BD5BB70F1 /* libPods-HelloCordova.a */; };
		FED4A5294A07443AB70F6CBE /* Ribs_Burgers_Header@3x.png in Resources */ = {isa = PBXBuildFile; fileRef = 1C1DF8276B494640898BCEED /* Ribs_Burgers_Header@3x.png */; };
/* End PBXBuildFile section */

/* Begin PBXContainerItemProxy section */
		301BF534109A57CC0062928A /* PBXContainerItemProxy */ = {
			isa = PBXContainerItemProxy;
			containerPortal = 301BF52D109A57CC0062928A /* CordovaLib.xcodeproj */;
			proxyType = 2;
			remoteGlobalIDString = D2AAC07E0554694100DB518D;
			remoteInfo = CordovaLib;
		};
		301BF550109A68C00062928A /* PBXContainerItemProxy */ = {
			isa = PBXContainerItemProxy;
			containerPortal = 301BF52D109A57CC0062928A /* CordovaLib.xcodeproj */;
			proxyType = 1;
			remoteGlobalIDString = D2AAC07D0554694100DB518D;
			remoteInfo = CordovaLib;
		};
		392637F42103A38600AE9428 /* PBXContainerItemProxy */ = {
			isa = PBXContainerItemProxy;
			containerPortal = 301BF52D109A57CC0062928A /* CordovaLib.xcodeproj */;
			proxyType = 2;
			remoteGlobalIDString = C0C01EB21E3911D50056E6CB;
			remoteInfo = Cordova;
		};
/* End PBXContainerItemProxy section */

/* Begin PBXFileReference section */
		0207DA571B56EA530066E2B4 /* Images.xcassets */ = {isa = PBXFileReference; lastKnownFileType = folder.assetcatalog; name = Images.xcassets; path = HelloCordova/Images.xcassets; sourceTree = SOURCE_ROOT; };
		04E8089E7AB84B19B175ADD8 /* AppDelegate+popdeem.m */ = {isa = PBXFileReference; explicitFileType = undefined; fileEncoding = 4; includeInIndex = 0; lastKnownFileType = sourcecode.c.objc; name = "AppDelegate+popdeem.m"; path = "popdeem-cordova-plugin/PopdeemPlugin/AppDelegate+popdeem.m"; sourceTree = "<group>"; };
		1C1DF8276B494640898BCEED /* Ribs_Burgers_Header@3x.png */ = {isa = PBXFileReference; explicitFileType = undefined; fileEncoding = 9; includeInIndex = 0; lastKnownFileType = unknown; path = "Ribs_Burgers_Header@3x.png"; sourceTree = "<group>"; };
		1D3623240D0F684500981E51 /* AppDelegate.h */ = {isa = PBXFileReference; fileEncoding = 4; lastKnownFileType = sourcecode.c.h; path = AppDelegate.h; sourceTree = "<group>"; };
		1D3623250D0F684500981E51 /* AppDelegate.m */ = {isa = PBXFileReference; fileEncoding = 4; lastKnownFileType = sourcecode.c.objc; path = AppDelegate.m; sourceTree = "<group>"; };
		1D6058910D05DD3D006BFB54 /* HelloCordova.app */ = {isa = PBXFileReference; explicitFileType = wrapper.application; includeInIndex = 0; path = HelloCordova.app; sourceTree = BUILT_PRODUCTS_DIR; };
		29B97316FDCFA39411CA2CEA /* main.m */ = {isa = PBXFileReference; fileEncoding = 4; lastKnownFileType = sourcecode.c.objc; path = main.m; sourceTree = "<group>"; };
		2F97B9D2899B4A4391035CE7 /* Popdeem.m */ = {isa = PBXFileReference; explicitFileType = undefined; fileEncoding = 4; includeInIndex = 0; lastKnownFileType = sourcecode.c.objc; name = Popdeem.m; path = "popdeem-cordova-plugin/PopdeemPlugin/Popdeem.m"; sourceTree = "<group>"; };
		301BF52D109A57CC0062928A /* CordovaLib.xcodeproj */ = {isa = PBXFileReference; lastKnownFileType = "wrapper.pb-project"; path = CordovaLib/CordovaLib.xcodeproj; sourceTree = "<group>"; };
		301BF56E109A69640062928A /* www */ = {isa = PBXFileReference; lastKnownFileType = folder; path = www; sourceTree = SOURCE_ROOT; };
		302D95EE14D2391D003F00A1 /* MainViewController.h */ = {isa = PBXFileReference; fileEncoding = 4; lastKnownFileType = sourcecode.c.h; path = MainViewController.h; sourceTree = "<group>"; };
		302D95EF14D2391D003F00A1 /* MainViewController.m */ = {isa = PBXFileReference; fileEncoding = 4; lastKnownFileType = sourcecode.c.objc; path = MainViewController.m; sourceTree = "<group>"; };
		302D95F014D2391D003F00A1 /* MainViewController.xib */ = {isa = PBXFileReference; fileEncoding = 4; lastKnownFileType = file.xib; path = MainViewController.xib; sourceTree = "<group>"; };
		3047A50F1AB8059700498E2A /* build-debug.xcconfig */ = {isa = PBXFileReference; fileEncoding = 4; lastKnownFileType = text.xcconfig; name = "build-debug.xcconfig"; path = "cordova/build-debug.xcconfig"; sourceTree = SOURCE_ROOT; };
		3047A5101AB8059700498E2A /* build-release.xcconfig */ = {isa = PBXFileReference; fileEncoding = 4; lastKnownFileType = text.xcconfig; name = "build-release.xcconfig"; path = "cordova/build-release.xcconfig"; sourceTree = SOURCE_ROOT; };
		3047A5111AB8059700498E2A /* build.xcconfig */ = {isa = PBXFileReference; fileEncoding = 4; lastKnownFileType = text.xcconfig; name = build.xcconfig; path = cordova/build.xcconfig; sourceTree = SOURCE_ROOT; };
		32CA4F630368D1EE00C91783 /* HelloCordova-Prefix.pch */ = {isa = PBXFileReference; fileEncoding = 4; lastKnownFileType = sourcecode.c.h; path = "HelloCordova-Prefix.pch"; sourceTree = "<group>"; };
		35E812FDC01C44D8AAD0C571 /* Ribs_Burgers_LoginImage@3x.png */ = {isa = PBXFileReference; explicitFileType = undefined; fileEncoding = 9; includeInIndex = 0; lastKnownFileType = unknown; path = "Ribs_Burgers_LoginImage@3x.png"; sourceTree = "<group>"; };
		392637F82103A8B600AE9428 /* theme.json */ = {isa = PBXFileReference; lastKnownFileType = text.json; path = theme.json; sourceTree = "<group>"; };
		3E3A7B622807B57BD5BB70F1 /* libPods-HelloCordova.a */ = {isa = PBXFileReference; explicitFileType = archive.ar; includeInIndex = 0; path = "libPods-HelloCordova.a"; sourceTree = BUILT_PRODUCTS_DIR; };
		546891703CA54969A96433CF /* Ribs_Burgers_LoginImage.png */ = {isa = PBXFileReference; explicitFileType = undefined; fileEncoding = 9; includeInIndex = 0; lastKnownFileType = unknown; path = Ribs_Burgers_LoginImage.png; sourceTree = "<group>"; };
		6AFF5BF81D6E424B00AB3073 /* CDVLaunchScreen.storyboard */ = {isa = PBXFileReference; fileEncoding = 4; lastKnownFileType = file.storyboard; name = CDVLaunchScreen.storyboard; path = HelloCordova/CDVLaunchScreen.storyboard; sourceTree = SOURCE_ROOT; };
		71681CD1327A4CCE987F5361 /* Ribs_Burgers_Header@2x.png */ = {isa = PBXFileReference; explicitFileType = undefined; fileEncoding = 9; includeInIndex = 0; lastKnownFileType = unknown; path = "Ribs_Burgers_Header@2x.png"; sourceTree = "<group>"; };
		7EE35CD1AEDB4806ABAB2E82 /* Popdeem.h */ = {isa = PBXFileReference; explicitFileType = undefined; fileEncoding = 4; includeInIndex = 0; lastKnownFileType = sourcecode.c.h; name = Popdeem.h; path = "popdeem-cordova-plugin/PopdeemPlugin/Popdeem.h"; sourceTree = "<group>"; };
		8D1107310486CEB800E47090 /* HelloCordova-Info.plist */ = {isa = PBXFileReference; fileEncoding = 4; lastKnownFileType = text.plist.xml; name = "HelloCordova-Info.plist"; path = "HelloCordova/HelloCordova-Info.plist"; plistStructureDefinitionIdentifier = "com.apple.xcode.plist.structure-definition.iphone.info-plist"; sourceTree = SOURCE_ROOT; };
		A43C8F85301E4F8A8B41D220 /* Ribs_Burgers_LoginImage@2x.png */ = {isa = PBXFileReference; explicitFileType = undefined; fileEncoding = 9; includeInIndex = 0; lastKnownFileType = unknown; path = "Ribs_Burgers_LoginImage@2x.png"; sourceTree = "<group>"; };
		B6024E29AE0A4CF899DAEE53 /* Ribs_Burgers_Header.png */ = {isa = PBXFileReference; explicitFileType = undefined; fileEncoding = 9; includeInIndex = 0; lastKnownFileType = unknown; path = Ribs_Burgers_Header.png; sourceTree = "<group>"; };
		EB87FDF31871DA8E0020F90C /* www */ = {isa = PBXFileReference; lastKnownFileType = folder; name = www; path = ../../www; sourceTree = "<group>"; };
		EB87FDF41871DAF40020F90C /* config.xml */ = {isa = PBXFileReference; lastKnownFileType = text.xml; name = config.xml; path = ../../config.xml; sourceTree = "<group>"; };
		ED33DF2A687741AEAF9F8254 /* Bridging-Header.h */ = {isa = PBXFileReference; fileEncoding = 4; lastKnownFileType = sourcecode.c.h; path = "Bridging-Header.h"; sourceTree = "<group>"; };
		F73887AB89214D1FA264F23E /* AppDelegate+popdeem.h */ = {isa = PBXFileReference; explicitFileType = undefined; fileEncoding = 4; includeInIndex = 0; lastKnownFileType = sourcecode.c.h; name = "AppDelegate+popdeem.h"; path = "popdeem-cordova-plugin/PopdeemPlugin/AppDelegate+popdeem.h"; sourceTree = "<group>"; };
		F840E1F0165FE0F500CFE078 /* config.xml */ = {isa = PBXFileReference; lastKnownFileType = text.xml; name = config.xml; path = HelloCordova/config.xml; sourceTree = "<group>"; };
/* End PBXFileReference section */

/* Begin PBXFrameworksBuildPhase section */
		1D60588F0D05DD3D006BFB54 /* Frameworks */ = {
			isa = PBXFrameworksBuildPhase;
			buildActionMask = 2147483647;
			files = (
				301BF552109A68D80062928A /* libCordova.a in Frameworks */,
				FEAFE056947AF43B180B6944 /* libPods-HelloCordova.a in Frameworks */,
			);
			runOnlyForDeploymentPostprocessing = 0;
		};
/* End PBXFrameworksBuildPhase section */

/* Begin PBXGroup section */
		080E96DDFE201D6D7F000001 /* Classes */ = {
			isa = PBXGroup;
			children = (
				302D95EE14D2391D003F00A1 /* MainViewController.h */,
				302D95EF14D2391D003F00A1 /* MainViewController.m */,
				302D95F014D2391D003F00A1 /* MainViewController.xib */,
				1D3623240D0F684500981E51 /* AppDelegate.h */,
				1D3623250D0F684500981E51 /* AppDelegate.m */,
			);
			name = Classes;
			path = HelloCordova/Classes;
			sourceTree = SOURCE_ROOT;
		};
		14D292165DBD9B54E1CF64F8 /* Pods */ = {
			isa = PBXGroup;
			children = (
			);
			name = Pods;
			sourceTree = "<group>";
		};
		19C28FACFE9D520D11CA2CBB /* Products */ = {
			isa = PBXGroup;
			children = (
				1D6058910D05DD3D006BFB54 /* HelloCordova.app */,
			);
			name = Products;
			sourceTree = "<group>";
		};
		29B97314FDCFA39411CA2CEA = {
			isa = PBXGroup;
			children = (
				392637F82103A8B600AE9428 /* theme.json */,
				EB87FDF41871DAF40020F90C /* config.xml */,
				EB87FDF31871DA8E0020F90C /* www */,
				EB87FDF11871DA420020F90C /* Staging */,
				301BF52D109A57CC0062928A /* CordovaLib.xcodeproj */,
				080E96DDFE201D6D7F000001 /* Classes */,
				307C750510C5A3420062BCA9 /* Plugins */,
				29B97315FDCFA39411CA2CEA /* Other Sources */,
				29B97317FDCFA39411CA2CEA /* Resources */,
				19C28FACFE9D520D11CA2CBB /* Products */,
				14D292165DBD9B54E1CF64F8 /* Pods */,
				470383E34C7079FAABE6E302 /* Frameworks */,
			);
			name = CustomTemplate;
			sourceTree = "<group>";
		};
		29B97315FDCFA39411CA2CEA /* Other Sources */ = {
			isa = PBXGroup;
			children = (
				32CA4F630368D1EE00C91783 /* HelloCordova-Prefix.pch */,
				29B97316FDCFA39411CA2CEA /* main.m */,
				ED33DF2A687741AEAF9F8254 /* Bridging-Header.h */,
			);
			name = "Other Sources";
			path = HelloCordova;
			sourceTree = "<group>";
		};
		29B97317FDCFA39411CA2CEA /* Resources */ = {
			isa = PBXGroup;
			children = (
				0207DA571B56EA530066E2B4 /* Images.xcassets */,
				3047A50E1AB8057F00498E2A /* config */,
				8D1107310486CEB800E47090 /* HelloCordova-Info.plist */,
				6AFF5BF81D6E424B00AB3073 /* CDVLaunchScreen.storyboard */,
				B6024E29AE0A4CF899DAEE53 /* Ribs_Burgers_Header.png */,
				71681CD1327A4CCE987F5361 /* Ribs_Burgers_Header@2x.png */,
				1C1DF8276B494640898BCEED /* Ribs_Burgers_Header@3x.png */,
				546891703CA54969A96433CF /* Ribs_Burgers_LoginImage.png */,
				A43C8F85301E4F8A8B41D220 /* Ribs_Burgers_LoginImage@2x.png */,
				35E812FDC01C44D8AAD0C571 /* Ribs_Burgers_LoginImage@3x.png */,
			);
			name = Resources;
			path = HelloCordova/Resources;
			sourceTree = "<group>";
		};
		301BF52E109A57CC0062928A /* Products */ = {
			isa = PBXGroup;
			children = (
				301BF535109A57CC0062928A /* libCordova.a */,
				392637F52103A38600AE9428 /* Cordova.framework */,
			);
			name = Products;
			sourceTree = "<group>";
		};
		3047A50E1AB8057F00498E2A /* config */ = {
			isa = PBXGroup;
			children = (
				3047A50F1AB8059700498E2A /* build-debug.xcconfig */,
				3047A5101AB8059700498E2A /* build-release.xcconfig */,
				3047A5111AB8059700498E2A /* build.xcconfig */,
			);
			name = config;
			sourceTree = "<group>";
		};
		307C750510C5A3420062BCA9 /* Plugins */ = {
			isa = PBXGroup;
			children = (
				2F97B9D2899B4A4391035CE7 /* Popdeem.m */,
				04E8089E7AB84B19B175ADD8 /* AppDelegate+popdeem.m */,
				7EE35CD1AEDB4806ABAB2E82 /* Popdeem.h */,
				F73887AB89214D1FA264F23E /* AppDelegate+popdeem.h */,
			);
			name = Plugins;
			path = HelloCordova/Plugins;
			sourceTree = SOURCE_ROOT;
		};
		470383E34C7079FAABE6E302 /* Frameworks */ = {
			isa = PBXGroup;
			children = (
				3E3A7B622807B57BD5BB70F1 /* libPods-HelloCordova.a */,
			);
			name = Frameworks;
			sourceTree = "<group>";
		};
		EB87FDF11871DA420020F90C /* Staging */ = {
			isa = PBXGroup;
			children = (
				F840E1F0165FE0F500CFE078 /* config.xml */,
				301BF56E109A69640062928A /* www */,
			);
			name = Staging;
			sourceTree = "<group>";
		};
/* End PBXGroup section */

/* Begin PBXNativeTarget section */
		1D6058900D05DD3D006BFB54 /* HelloCordova */ = {
			isa = PBXNativeTarget;
			buildConfigurationList = 1D6058960D05DD3E006BFB54 /* Build configuration list for PBXNativeTarget "HelloCordova" */;
			buildPhases = (
				25C142787EE8957E94F01A17 /* [CP] Check Pods Manifest.lock */,
				304B58A110DAC018002A0835 /* Copy www directory */,
				1D60588D0D05DD3D006BFB54 /* Resources */,
				1D60588E0D05DD3D006BFB54 /* Sources */,
				1D60588F0D05DD3D006BFB54 /* Frameworks */,
				10AA5D884748DF4D33F5D7B5 /* [CP] Embed Pods Frameworks */,
				E3061641F3C9CF2F70FF3941 /* [CP] Copy Pods Resources */,
			);
			buildRules = (
			);
			dependencies = (
				301BF551109A68C00062928A /* PBXTargetDependency */,
			);
			name = HelloCordova;
			productName = HelloCordova;
			productReference = 1D6058910D05DD3D006BFB54 /* HelloCordova.app */;
			productType = "com.apple.product-type.application";
		};
/* End PBXNativeTarget section */

/* Begin PBXProject section */
		29B97313FDCFA39411CA2CEA /* Project object */ = {
			isa = PBXProject;
			attributes = {
				LastUpgradeCheck = 510;
				TargetAttributes = {
					1D6058900D05DD3D006BFB54 = {
						DevelopmentTeam = 8PLB96W655;
					};
				};
			};
			buildConfigurationList = C01FCF4E08A954540054247B /* Build configuration list for PBXProject "HelloCordova" */;
			compatibilityVersion = "Xcode 3.2";
			developmentRegion = English;
			hasScannedForEncodings = 1;
			knownRegions = (
				en,
			);
			mainGroup = 29B97314FDCFA39411CA2CEA;
			productRefGroup = 19C28FACFE9D520D11CA2CBB /* Products */;
			projectDirPath = "";
			projectReferences = (
				{
					ProductGroup = 301BF52E109A57CC0062928A /* Products */;
					ProjectRef = 301BF52D109A57CC0062928A /* CordovaLib.xcodeproj */;
				},
			);
			projectRoot = "";
			targets = (
				1D6058900D05DD3D006BFB54 /* HelloCordova */,
			);
		};
/* End PBXProject section */

/* Begin PBXReferenceProxy section */
		301BF535109A57CC0062928A /* libCordova.a */ = {
			isa = PBXReferenceProxy;
			fileType = archive.ar;
			path = libCordova.a;
			remoteRef = 301BF534109A57CC0062928A /* PBXContainerItemProxy */;
			sourceTree = BUILT_PRODUCTS_DIR;
		};
		392637F52103A38600AE9428 /* Cordova.framework */ = {
			isa = PBXReferenceProxy;
			fileType = wrapper.framework;
			path = Cordova.framework;
			remoteRef = 392637F42103A38600AE9428 /* PBXContainerItemProxy */;
			sourceTree = BUILT_PRODUCTS_DIR;
		};
/* End PBXReferenceProxy section */

/* Begin PBXResourcesBuildPhase section */
		1D60588D0D05DD3D006BFB54 /* Resources */ = {
			isa = PBXResourcesBuildPhase;
			buildActionMask = 2147483647;
			files = (
				302D95F214D2391D003F00A1 /* MainViewController.xib in Resources */,
				0207DA581B56EA530066E2B4 /* Images.xcassets in Resources */,
				6AFF5BF91D6E424B00AB3073 /* CDVLaunchScreen.storyboard in Resources */,
				8AEBD2ECD0C446D08776DEA9 /* Ribs_Burgers_Header.png in Resources */,
				BB4861EBDF094A14B35BDFFD /* Ribs_Burgers_Header@2x.png in Resources */,
				392637F92103A8B600AE9428 /* theme.json in Resources */,
				FED4A5294A07443AB70F6CBE /* Ribs_Burgers_Header@3x.png in Resources */,
				36932DD076EF4DB99BF27DD4 /* Ribs_Burgers_LoginImage.png in Resources */,
				53847903FB704172BB6B2277 /* Ribs_Burgers_LoginImage@2x.png in Resources */,
				5D4FFA4A769A44ECA5F9E79A /* Ribs_Burgers_LoginImage@3x.png in Resources */,
			);
			runOnlyForDeploymentPostprocessing = 0;
		};
/* End PBXResourcesBuildPhase section */

/* Begin PBXShellScriptBuildPhase section */
		10AA5D884748DF4D33F5D7B5 /* [CP] Embed Pods Frameworks */ = {
			isa = PBXShellScriptBuildPhase;
			buildActionMask = 2147483647;
			files = (
			);
			inputFileListPaths = (
			);
			inputPaths = (
				"${SRCROOT}/Pods/Target Support Files/Pods-HelloCordova/Pods-HelloCordova-frameworks.sh",
				"${PODS_ROOT}/TwitterCore/iOS/TwitterCore.framework",
				"${PODS_ROOT}/TwitterKit/iOS/TwitterKit.framework",
			);
			name = "[CP] Embed Pods Frameworks";
			outputFileListPaths = (
			);
			outputPaths = (
				"${TARGET_BUILD_DIR}/${FRAMEWORKS_FOLDER_PATH}/TwitterCore.framework",
				"${TARGET_BUILD_DIR}/${FRAMEWORKS_FOLDER_PATH}/TwitterKit.framework",
			);
			runOnlyForDeploymentPostprocessing = 0;
			shellPath = /bin/sh;
			shellScript = "\"${SRCROOT}/Pods/Target Support Files/Pods-HelloCordova/Pods-HelloCordova-frameworks.sh\"\n";
			showEnvVarsInLog = 0;
		};
		25C142787EE8957E94F01A17 /* [CP] Check Pods Manifest.lock */ = {
			isa = PBXShellScriptBuildPhase;
			buildActionMask = 2147483647;
			files = (
			);
			inputFileListPaths = (
			);
			inputPaths = (
				"${PODS_PODFILE_DIR_PATH}/Podfile.lock",
				"${PODS_ROOT}/Manifest.lock",
			);
			name = "[CP] Check Pods Manifest.lock";
			outputFileListPaths = (
			);
			outputPaths = (
				"$(DERIVED_FILE_DIR)/Pods-HelloCordova-checkManifestLockResult.txt",
			);
			runOnlyForDeploymentPostprocessing = 0;
			shellPath = /bin/sh;
			shellScript = "diff \"${PODS_PODFILE_DIR_PATH}/Podfile.lock\" \"${PODS_ROOT}/Manifest.lock\" > /dev/null\nif [ $? != 0 ] ; then\n    # print error to STDERR\n    echo \"error: The sandbox is not in sync with the Podfile.lock. Run 'pod install' or update your CocoaPods installation.\" >&2\n    exit 1\nfi\n# This output is used by Xcode 'outputs' to avoid re-running this script phase.\necho \"SUCCESS\" > \"${SCRIPT_OUTPUT_FILE_0}\"\n";
			showEnvVarsInLog = 0;
		};
		304B58A110DAC018002A0835 /* Copy www directory */ = {
			isa = PBXShellScriptBuildPhase;
			buildActionMask = 2147483647;
			files = (
			);
			inputPaths = (
			);
			name = "Copy www directory";
			outputPaths = (
			);
			runOnlyForDeploymentPostprocessing = 0;
			shellPath = /bin/sh;
			shellScript = "NODEJS_PATH=/usr/local/bin; NVM_NODE_PATH=~/.nvm/versions/node/`nvm version 2>/dev/null`/bin; N_NODE_PATH=`find /usr/local/n/versions/node/* -maxdepth 0 -type d 2>/dev/null | tail -1`/bin; XCODE_NODE_PATH=`xcode-select --print-path`/usr/share/xcs/Node/bin; PATH=$NODEJS_PATH:$NVM_NODE_PATH:$N_NODE_PATH:$XCODE_NODE_PATH:$PATH && node cordova/lib/copy-www-build-step.js";
			showEnvVarsInLog = 0;
		};
		E3061641F3C9CF2F70FF3941 /* [CP] Copy Pods Resources */ = {
			isa = PBXShellScriptBuildPhase;
			buildActionMask = 2147483647;
			files = (
			);
			inputFileListPaths = (
			);
			inputPaths = (
				"${SRCROOT}/Pods/Target Support Files/Pods-HelloCordova/Pods-HelloCordova-resources.sh",
				"${PODS_ROOT}/FBSDKCoreKit/FacebookSDKStrings.bundle",
				"${PODS_ROOT}/PopdeemSDK/PopdeemSDK/UIKit/pduikit_brand_placeholder.png",
				"${PODS_ROOT}/PopdeemSDK/PopdeemSDK/UIKit/pduikit_cancelbutton.png",
				"${PODS_ROOT}/PopdeemSDK/PopdeemSDK/UIKit/pduikit_cancelbutton@2x.png",
				"${PODS_ROOT}/PopdeemSDK/PopdeemSDK/UIKit/pduikit_cancelbutton@3x.png",
				"${PODS_ROOT}/PopdeemSDK/PopdeemSDK/UIKit/pduikit_default_login.png",
				"${PODS_ROOT}/PopdeemSDK/PopdeemSDK/UIKit/pduikit_default_login@2x.png",
				"${PODS_ROOT}/PopdeemSDK/PopdeemSDK/UIKit/pduikit_default_login@3x.png",
				"${PODS_ROOT}/PopdeemSDK/PopdeemSDK/UIKit/pduikit_instagramstep1.png",
				"${PODS_ROOT}/PopdeemSDK/PopdeemSDK/UIKit/pduikit_instagramstep2.png",
				"${PODS_ROOT}/PopdeemSDK/PopdeemSDK/UIKit/pduikit_popdeemArrowB.png",
				"${PODS_ROOT}/PopdeemSDK/PopdeemSDK/UIKit/pduikit_popdeemArrowB@2x.png",
				"${PODS_ROOT}/PopdeemSDK/PopdeemSDK/UIKit/pduikit_popdeemArrowB@3x.png",
				"${PODS_ROOT}/PopdeemSDK/PopdeemSDK/UIKit/BrandList/PDUIBrandPlaceHolderTableViewCell.xib",
				"${PODS_ROOT}/PopdeemSDK/PopdeemSDK/UIKit/BrandList/PDUIBrandSearchTableViewCell.xib",
				"${PODS_ROOT}/PopdeemSDK/PopdeemSDK/UIKit/BrandList/PDUIBrandsListTableViewController.xib",
				"${PODS_ROOT}/PopdeemSDK/PopdeemSDK/UIKit/BrandList/PDUIBrandTableViewCell.xib",
				"${PODS_ROOT}/PopdeemSDK/PopdeemSDK/UIKit/Claim/PDUIClaimViewController.xib",
				"${PODS_ROOT}/PopdeemSDK/PopdeemSDK/UIKit/Claim/Post Scan Failure/PDUIScanFailViewController.xib",
				"${PODS_ROOT}/PopdeemSDK/PopdeemSDK/UIKit/Claim/Post Scan/PDUIPostScanViewController.xib",
				"${PODS_ROOT}/PopdeemSDK/PopdeemSDK/UIKit/Claim/Scan/PDUIInstagramScanViewController.xib",
				"${PODS_ROOT}/PopdeemSDK/PopdeemSDK/UIKit/Claim/Scan/PDUIScanViewController.xib",
				"${PODS_ROOT}/PopdeemSDK/PopdeemSDK/UIKit/Claim/Select Network/PDUISelectNetworkViewController.xib",
				"${PODS_ROOT}/PopdeemSDK/PopdeemSDK/UIKit/ClaimV2/Cells/PDUIAddPhotoTableViewCell.xib",
				"${PODS_ROOT}/PopdeemSDK/PopdeemSDK/UIKit/ClaimV2/Cells/PDUIClaimInfoTableViewCell.xib",
				"${PODS_ROOT}/PopdeemSDK/PopdeemSDK/UIKit/ClaimV2/Cells/PDUIClaimRewardTableViewCell.xib",
				"${PODS_ROOT}/PopdeemSDK/PopdeemSDK/UIKit/ClaimV2/Cells/PDUIScanNowTableViewCell.xib",
				"${PODS_ROOT}/PopdeemSDK/PopdeemSDK/UIKit/ClaimV2/Cells/PDUISocialClaimTableViewCell.xib",
				"${PODS_ROOT}/PopdeemSDK/PopdeemSDK/UIKit/ClaimV2/PDUIClaimV2ViewController.xib",
				"${PODS_ROOT}/PopdeemSDK/PopdeemSDK/UIKit/Facebook/Login/PDUIFBLoginWithWritePermsViewController.xib",
				"${PODS_ROOT}/PopdeemSDK/PopdeemSDK/UIKit/Friend Picker/PDUIFriendPickerViewController.xib",
				"${PODS_ROOT}/PopdeemSDK/PopdeemSDK/UIKit/Gratutude/PDUIGratitudeViewController.xib",
				"${PODS_ROOT}/PopdeemSDK/PopdeemSDK/UIKit/Home/Cells/No Rewards/PDUINoRewardTableViewCell.xib",
				"${PODS_ROOT}/PopdeemSDK/PopdeemSDK/UIKit/Home/Cells/Profile/PDUIProfileButtonTableViewCell.xib",
				"${PODS_ROOT}/PopdeemSDK/PopdeemSDK/UIKit/Home/Cells/Profile/ProfileTableViewCell.xib",
				"${PODS_ROOT}/PopdeemSDK/PopdeemSDK/UIKit/Home/Cells/Rewards/PDUIRewardWithRulesTableViewCell.xib",
				"${PODS_ROOT}/PopdeemSDK/PopdeemSDK/UIKit/Home/Cells/Rewards/V2/PDUIRewardV2TableViewCell.xib",
				"${PODS_ROOT}/PopdeemSDK/PopdeemSDK/UIKit/Home/Cells/Wallet/PDUIInstagramUnverifiedWalletTableViewCell.xib",
				"${PODS_ROOT}/PopdeemSDK/PopdeemSDK/UIKit/Home/Cells/Wallet/PDUITierEventTableViewCell.xib",
				"${PODS_ROOT}/PopdeemSDK/PopdeemSDK/UIKit/Home/Cells/Wallet/PDUIWalletRewardTableViewCell.xib",
				"${PODS_ROOT}/PopdeemSDK/PopdeemSDK/UIKit/Home/PDUIHomeViewController.xib",
				"${PODS_ROOT}/PopdeemSDK/PopdeemSDK/UIKit/Instagram/PDUIInstagramWebViewController.xib",
				"${PODS_ROOT}/PopdeemSDK/PopdeemSDK/UIKit/Login/MultiLogin/PDMultiLoginViewController.xib",
				"${PODS_ROOT}/PopdeemSDK/PopdeemSDK/UIKit/Login/PDUISocialLoginViewController.xib",
				"${PODS_ROOT}/PopdeemSDK/PopdeemSDK/UIKit/MessageCenter/PDUIMessageCell.xib",
				"${PODS_ROOT}/PopdeemSDK/PopdeemSDK/UIKit/MessageCenter/PDUIMsgCntrTblViewController.xib",
				"${PODS_ROOT}/PopdeemSDK/PopdeemSDK/UIKit/MessageCenter/PDUISingleMessageViewController.xib",
				"${PODS_ROOT}/PopdeemSDK/PopdeemSDK/UIKit/Placeholder/PlaceholderTableViewCell.xib",
				"${PODS_ROOT}/PopdeemSDK/PopdeemSDK/UIKit/Resources/ambassador_icon_default.png",
				"${PODS_ROOT}/PopdeemSDK/PopdeemSDK/UIKit/Resources/ambassador_icon_default@2x.png",
				"${PODS_ROOT}/PopdeemSDK/PopdeemSDK/UIKit/Resources/ambassador_icon_default@3x.png",
				"${PODS_ROOT}/PopdeemSDK/PopdeemSDK/UIKit/Resources/bluePopdeemHeader.png",
				"${PODS_ROOT}/PopdeemSDK/PopdeemSDK/UIKit/Resources/bluePopdeemHeader@2x.png",
				"${PODS_ROOT}/PopdeemSDK/PopdeemSDK/UIKit/Resources/bluePopdeemHeader@3x.png",
				"${PODS_ROOT}/PopdeemSDK/PopdeemSDK/UIKit/Resources/default.json",
				"${PODS_ROOT}/PopdeemSDK/PopdeemSDK/UIKit/Resources/default_theme.json",
				"${PODS_ROOT}/PopdeemSDK/PopdeemSDK/UIKit/Resources/Facebook App Icon.png",
				"${PODS_ROOT}/PopdeemSDK/PopdeemSDK/UIKit/Resources/pduikit-branddummycell.png",
				"${PODS_ROOT}/PopdeemSDK/PopdeemSDK/UIKit/Resources/pduikit-branddummycell@2x.png",
				"${PODS_ROOT}/PopdeemSDK/PopdeemSDK/UIKit/Resources/pduikit-branddummycell@3x.png",
				"${PODS_ROOT}/PopdeemSDK/PopdeemSDK/UIKit/Resources/pduikit_addFriend.png",
				"${PODS_ROOT}/PopdeemSDK/PopdeemSDK/UIKit/Resources/pduikit_addFriend@2x.png",
				"${PODS_ROOT}/PopdeemSDK/PopdeemSDK/UIKit/Resources/pduikit_addFriend@3x.png",
				"${PODS_ROOT}/PopdeemSDK/PopdeemSDK/UIKit/Resources/pduikit_arrowB.png",
				"${PODS_ROOT}/PopdeemSDK/PopdeemSDK/UIKit/Resources/pduikit_arrowB@2x.png",
				"${PODS_ROOT}/PopdeemSDK/PopdeemSDK/UIKit/Resources/pduikit_arrowB@3x.png",
				"${PODS_ROOT}/PopdeemSDK/PopdeemSDK/UIKit/Resources/pduikit_arrow_g.png",
				"${PODS_ROOT}/PopdeemSDK/PopdeemSDK/UIKit/Resources/pduikit_arrow_g@2x.png",
				"${PODS_ROOT}/PopdeemSDK/PopdeemSDK/UIKit/Resources/pduikit_arrow_g@3x.png",
				"${PODS_ROOT}/PopdeemSDK/PopdeemSDK/UIKit/Resources/pduikit_camera.png",
				"${PODS_ROOT}/PopdeemSDK/PopdeemSDK/UIKit/Resources/pduikit_camera@2x.png",
				"${PODS_ROOT}/PopdeemSDK/PopdeemSDK/UIKit/Resources/pduikit_camera@3x.png",
				"${PODS_ROOT}/PopdeemSDK/PopdeemSDK/UIKit/Resources/pduikit_default_login_blue.png",
				"${PODS_ROOT}/PopdeemSDK/PopdeemSDK/UIKit/Resources/pduikit_default_login_blue@2x.png",
				"${PODS_ROOT}/PopdeemSDK/PopdeemSDK/UIKit/Resources/pduikit_default_login_blue@3x.png",
				"${PODS_ROOT}/PopdeemSDK/PopdeemSDK/UIKit/Resources/pduikit_default_user.png",
				"${PODS_ROOT}/PopdeemSDK/PopdeemSDK/UIKit/Resources/pduikit_deselectedCheck.png",
				"${PODS_ROOT}/PopdeemSDK/PopdeemSDK/UIKit/Resources/pduikit_deselectedCheck@2x.png",
				"${PODS_ROOT}/PopdeemSDK/PopdeemSDK/UIKit/Resources/pduikit_deselectedCheck@3x.png",
				"${PODS_ROOT}/PopdeemSDK/PopdeemSDK/UIKit/Resources/pduikit_facebook_hires.png",
				"${PODS_ROOT}/PopdeemSDK/PopdeemSDK/UIKit/Resources/pduikit_facebook_hires@2x.png",
				"${PODS_ROOT}/PopdeemSDK/PopdeemSDK/UIKit/Resources/pduikit_facebook_hires@3x.png",
				"${PODS_ROOT}/PopdeemSDK/PopdeemSDK/UIKit/Resources/pduikit_facebook_noapp.png",
				"${PODS_ROOT}/PopdeemSDK/PopdeemSDK/UIKit/Resources/pduikit_facebook_noapp@2x.png",
				"${PODS_ROOT}/PopdeemSDK/PopdeemSDK/UIKit/Resources/pduikit_facebook_noapp@3x.png",
				"${PODS_ROOT}/PopdeemSDK/PopdeemSDK/UIKit/Resources/pduikit_facebook_step1.png",
				"${PODS_ROOT}/PopdeemSDK/PopdeemSDK/UIKit/Resources/pduikit_facebook_step1@2x.png",
				"${PODS_ROOT}/PopdeemSDK/PopdeemSDK/UIKit/Resources/pduikit_facebook_step1@3x.png",
				"${PODS_ROOT}/PopdeemSDK/PopdeemSDK/UIKit/Resources/pduikit_fbbutton_deselected.png",
				"${PODS_ROOT}/PopdeemSDK/PopdeemSDK/UIKit/Resources/pduikit_fbbutton_deselected@2x.png",
				"${PODS_ROOT}/PopdeemSDK/PopdeemSDK/UIKit/Resources/pduikit_fbbutton_deselected@3x.png",
				"${PODS_ROOT}/PopdeemSDK/PopdeemSDK/UIKit/Resources/pduikit_fbbutton_selected.png",
				"${PODS_ROOT}/PopdeemSDK/PopdeemSDK/UIKit/Resources/pduikit_fbbutton_selected@2x.png",
				"${PODS_ROOT}/PopdeemSDK/PopdeemSDK/UIKit/Resources/pduikit_fbbutton_selected@3x.png",
				"${PODS_ROOT}/PopdeemSDK/PopdeemSDK/UIKit/Resources/pduikit_fb_hi.png",
				"${PODS_ROOT}/PopdeemSDK/PopdeemSDK/UIKit/Resources/pduikit_fb_hi@2x.png",
				"${PODS_ROOT}/PopdeemSDK/PopdeemSDK/UIKit/Resources/pduikit_fb_hi@3x.png",
				"${PODS_ROOT}/PopdeemSDK/PopdeemSDK/UIKit/Resources/pduikit_fb_step1.png",
				"${PODS_ROOT}/PopdeemSDK/PopdeemSDK/UIKit/Resources/pduikit_fb_step1@2x.png",
				"${PODS_ROOT}/PopdeemSDK/PopdeemSDK/UIKit/Resources/pduikit_fb_step1@3x.png",
				"${PODS_ROOT}/PopdeemSDK/PopdeemSDK/UIKit/Resources/pduikit_instagrambutton_deselected.png",
				"${PODS_ROOT}/PopdeemSDK/PopdeemSDK/UIKit/Resources/pduikit_instagrambutton_deselected@2x.png",
				"${PODS_ROOT}/PopdeemSDK/PopdeemSDK/UIKit/Resources/pduikit_instagrambutton_deselected@3x.png",
				"${PODS_ROOT}/PopdeemSDK/PopdeemSDK/UIKit/Resources/pduikit_instagrambutton_selected.png",
				"${PODS_ROOT}/PopdeemSDK/PopdeemSDK/UIKit/Resources/pduikit_instagrambutton_selected@2x.png",
				"${PODS_ROOT}/PopdeemSDK/PopdeemSDK/UIKit/Resources/pduikit_instagrambutton_selected@3x.png",
				"${PODS_ROOT}/PopdeemSDK/PopdeemSDK/UIKit/Resources/pduikit_instagramstep3.png",
				"${PODS_ROOT}/PopdeemSDK/PopdeemSDK/UIKit/Resources/pduikit_instagram_hi.png",
				"${PODS_ROOT}/PopdeemSDK/PopdeemSDK/UIKit/Resources/pduikit_instagram_hi@2x.png",
				"${PODS_ROOT}/PopdeemSDK/PopdeemSDK/UIKit/Resources/pduikit_instagram_hi@3x.png",
				"${PODS_ROOT}/PopdeemSDK/PopdeemSDK/UIKit/Resources/pduikit_instagram_hires.png",
				"${PODS_ROOT}/PopdeemSDK/PopdeemSDK/UIKit/Resources/pduikit_mail.png",
				"${PODS_ROOT}/PopdeemSDK/PopdeemSDK/UIKit/Resources/pduikit_mail@2x.png",
				"${PODS_ROOT}/PopdeemSDK/PopdeemSDK/UIKit/Resources/pduikit_mail@3x.png",
				"${PODS_ROOT}/PopdeemSDK/PopdeemSDK/UIKit/Resources/pduikit_mailCircle.png",
				"${PODS_ROOT}/PopdeemSDK/PopdeemSDK/UIKit/Resources/pduikit_mail_blue.png",
				"${PODS_ROOT}/PopdeemSDK/PopdeemSDK/UIKit/Resources/pduikit_placeholder.png",
				"${PODS_ROOT}/PopdeemSDK/PopdeemSDK/UIKit/Resources/pduikit_popdeemHeader.png",
				"${PODS_ROOT}/PopdeemSDK/PopdeemSDK/UIKit/Resources/pduikit_popdeemHeader@2x.png",
				"${PODS_ROOT}/PopdeemSDK/PopdeemSDK/UIKit/Resources/pduikit_popdeemHeader@3x.png",
				"${PODS_ROOT}/PopdeemSDK/PopdeemSDK/UIKit/Resources/pduikit_popdeemHeaderLight.png",
				"${PODS_ROOT}/PopdeemSDK/PopdeemSDK/UIKit/Resources/pduikit_popdeemHeaderLight@2x.png",
				"${PODS_ROOT}/PopdeemSDK/PopdeemSDK/UIKit/Resources/pduikit_popdeemHeaderLight@3x.png",
				"${PODS_ROOT}/PopdeemSDK/PopdeemSDK/UIKit/Resources/pduikit_rainbow.png",
				"${PODS_ROOT}/PopdeemSDK/PopdeemSDK/UIKit/Resources/pduikit_rainbow@2x.png",
				"${PODS_ROOT}/PopdeemSDK/PopdeemSDK/UIKit/Resources/pduikit_rainbow@3x.png",
				"${PODS_ROOT}/PopdeemSDK/PopdeemSDK/UIKit/Resources/pduikit_refresh.png",
				"${PODS_ROOT}/PopdeemSDK/PopdeemSDK/UIKit/Resources/pduikit_refresh@2x.png",
				"${PODS_ROOT}/PopdeemSDK/PopdeemSDK/UIKit/Resources/pduikit_refresh@3x.png",
				"${PODS_ROOT}/PopdeemSDK/PopdeemSDK/UIKit/Resources/pduikit_rewardsIcon.png",
				"${PODS_ROOT}/PopdeemSDK/PopdeemSDK/UIKit/Resources/pduikit_rewardsIcon@2x.png",
				"${PODS_ROOT}/PopdeemSDK/PopdeemSDK/UIKit/Resources/pduikit_rewardsIconSuccess.png",
				"${PODS_ROOT}/PopdeemSDK/PopdeemSDK/UIKit/Resources/pduikit_rewardsIconSuccess@2x.png",
				"${PODS_ROOT}/PopdeemSDK/PopdeemSDK/UIKit/Resources/pduikit_search.png",
				"${PODS_ROOT}/PopdeemSDK/PopdeemSDK/UIKit/Resources/pduikit_selectedCheck.png",
				"${PODS_ROOT}/PopdeemSDK/PopdeemSDK/UIKit/Resources/pduikit_selectedCheck@2x.png",
				"${PODS_ROOT}/PopdeemSDK/PopdeemSDK/UIKit/Resources/pduikit_selectedCheck@3x.png",
				"${PODS_ROOT}/PopdeemSDK/PopdeemSDK/UIKit/Resources/pduikit_settings.png",
				"${PODS_ROOT}/PopdeemSDK/PopdeemSDK/UIKit/Resources/pduikit_settings@2x.png",
				"${PODS_ROOT}/PopdeemSDK/PopdeemSDK/UIKit/Resources/pduikit_settings@3x.png",
				"${PODS_ROOT}/PopdeemSDK/PopdeemSDK/UIKit/Resources/pduikit_starG.png",
				"${PODS_ROOT}/PopdeemSDK/PopdeemSDK/UIKit/Resources/pduikit_starG@2x.png",
				"${PODS_ROOT}/PopdeemSDK/PopdeemSDK/UIKit/Resources/pduikit_starG@3x.png",
				"${PODS_ROOT}/PopdeemSDK/PopdeemSDK/UIKit/Resources/pduikit_tagGoButton.png",
				"${PODS_ROOT}/PopdeemSDK/PopdeemSDK/UIKit/Resources/pduikit_tickG.png",
				"${PODS_ROOT}/PopdeemSDK/PopdeemSDK/UIKit/Resources/pduikit_tickG@2x.png",
				"${PODS_ROOT}/PopdeemSDK/PopdeemSDK/UIKit/Resources/pduikit_tickG@3x.png",
				"${PODS_ROOT}/PopdeemSDK/PopdeemSDK/UIKit/Resources/pduikit_tickGrey.png",
				"${PODS_ROOT}/PopdeemSDK/PopdeemSDK/UIKit/Resources/pduikit_tickGrey@2x.png",
				"${PODS_ROOT}/PopdeemSDK/PopdeemSDK/UIKit/Resources/pduikit_tickGrey@3x.png",
				"${PODS_ROOT}/PopdeemSDK/PopdeemSDK/UIKit/Resources/pduikit_twitterbutton_deselected.png",
				"${PODS_ROOT}/PopdeemSDK/PopdeemSDK/UIKit/Resources/pduikit_twitterbutton_deselected@2x.png",
				"${PODS_ROOT}/PopdeemSDK/PopdeemSDK/UIKit/Resources/pduikit_twitterbutton_deselected@3x.png",
				"${PODS_ROOT}/PopdeemSDK/PopdeemSDK/UIKit/Resources/pduikit_twitterbutton_selected.png",
				"${PODS_ROOT}/PopdeemSDK/PopdeemSDK/UIKit/Resources/pduikit_twitterbutton_selected@2x.png",
				"${PODS_ROOT}/PopdeemSDK/PopdeemSDK/UIKit/Resources/pduikit_twitterbutton_selected@3x.png",
				"${PODS_ROOT}/PopdeemSDK/PopdeemSDK/UIKit/Resources/pduikit_x.png",
				"${PODS_ROOT}/PopdeemSDK/PopdeemSDK/UIKit/Resources/pduikit_x@2x.png",
				"${PODS_ROOT}/PopdeemSDK/PopdeemSDK/UIKit/Resources/pduikit_x@3x copy.png",
				"${PODS_ROOT}/PopdeemSDK/PopdeemSDK/UIKit/Resources/pduikit_x_icon.png",
				"${PODS_ROOT}/PopdeemSDK/PopdeemSDK/UIKit/Resources/pduikit_x_white.png",
				"${PODS_ROOT}/PopdeemSDK/PopdeemSDK/UIKit/Resources/pduikit_x_white@2x.png",
				"${PODS_ROOT}/PopdeemSDK/PopdeemSDK/UIKit/Resources/pduikit_x_white@3x.png",
				"${PODS_ROOT}/PopdeemSDK/PopdeemSDK/UIKit/Resources/pduirewardfacebookicon.png",
				"${PODS_ROOT}/PopdeemSDK/PopdeemSDK/UIKit/Resources/pduirewardfacebookicon@2x.png",
				"${PODS_ROOT}/PopdeemSDK/PopdeemSDK/UIKit/Resources/pduirewardfacebookicon@3x.png",
				"${PODS_ROOT}/PopdeemSDK/PopdeemSDK/UIKit/Resources/pduirewardinstagramicon.png",
				"${PODS_ROOT}/PopdeemSDK/PopdeemSDK/UIKit/Resources/pduirewardinstagramicon@2x.png",
				"${PODS_ROOT}/PopdeemSDK/PopdeemSDK/UIKit/Resources/pduirewardinstagramicon@3x.png",
				"${PODS_ROOT}/PopdeemSDK/PopdeemSDK/UIKit/Resources/pduirewardtwittericon.png",
				"${PODS_ROOT}/PopdeemSDK/PopdeemSDK/UIKit/Resources/pduirewardtwittericon@2x.png",
				"${PODS_ROOT}/PopdeemSDK/PopdeemSDK/UIKit/Resources/pduirewardtwittericon@3x.png",
				"${PODS_ROOT}/PopdeemSDK/PopdeemSDK/UIKit/Resources/PDUI_Back.png",
				"${PODS_ROOT}/PopdeemSDK/PopdeemSDK/UIKit/Resources/PDUI_Back@2x.png",
				"${PODS_ROOT}/PopdeemSDK/PopdeemSDK/UIKit/Resources/PDUI_Back@3x.png",
				"${PODS_ROOT}/PopdeemSDK/PopdeemSDK/UIKit/Resources/pdui_camera_icon.png",
				"${PODS_ROOT}/PopdeemSDK/PopdeemSDK/UIKit/Resources/pdui_camera_icon@2x.png",
				"${PODS_ROOT}/PopdeemSDK/PopdeemSDK/UIKit/Resources/pdui_camera_icon@3x.png",
				"${PODS_ROOT}/PopdeemSDK/PopdeemSDK/UIKit/Resources/pdui_default_user_image.png",
				"${PODS_ROOT}/PopdeemSDK/PopdeemSDK/UIKit/Resources/pdui_default_user_image@2x.png",
				"${PODS_ROOT}/PopdeemSDK/PopdeemSDK/UIKit/Resources/pdui_default_user_image@3x.png",
				"${PODS_ROOT}/PopdeemSDK/PopdeemSDK/UIKit/Resources/pdui_facebook_icon2.png",
				"${PODS_ROOT}/PopdeemSDK/PopdeemSDK/UIKit/Resources/pdui_facebook_icon2@2x.png",
				"${PODS_ROOT}/PopdeemSDK/PopdeemSDK/UIKit/Resources/pdui_facebook_icon2@3x.png",
				"${PODS_ROOT}/PopdeemSDK/PopdeemSDK/UIKit/Resources/PDUI_IGBG.png",
				"${PODS_ROOT}/PopdeemSDK/PopdeemSDK/UIKit/Resources/PDUI_IGBG@2x.png",
				"${PODS_ROOT}/PopdeemSDK/PopdeemSDK/UIKit/Resources/PDUI_IGBG@3x.png",
				"${PODS_ROOT}/PopdeemSDK/PopdeemSDK/UIKit/Resources/pdui_instagram_icon2.png",
				"${PODS_ROOT}/PopdeemSDK/PopdeemSDK/UIKit/Resources/pdui_instagram_icon2@2x.png",
				"${PODS_ROOT}/PopdeemSDK/PopdeemSDK/UIKit/Resources/pdui_instagram_icon2@3x.png",
				"${PODS_ROOT}/PopdeemSDK/PopdeemSDK/UIKit/Resources/pdui_magnify_icon.png",
				"${PODS_ROOT}/PopdeemSDK/PopdeemSDK/UIKit/Resources/pdui_magnify_icon@2x.png",
				"${PODS_ROOT}/PopdeemSDK/PopdeemSDK/UIKit/Resources/pdui_magnify_icon@3x.png",
				"${PODS_ROOT}/PopdeemSDK/PopdeemSDK/UIKit/Resources/pdui_twitter_icon2.png",
				"${PODS_ROOT}/PopdeemSDK/PopdeemSDK/UIKit/Resources/pdui_twitter_icon2@2x.png",
				"${PODS_ROOT}/PopdeemSDK/PopdeemSDK/UIKit/Resources/pdui_twitter_icon2@3x.png",
				"${PODS_ROOT}/PopdeemSDK/PopdeemSDK/UIKit/Resources/pd_message.png",
				"${PODS_ROOT}/PopdeemSDK/PopdeemSDK/UIKit/Resources/pd_message@2x.png",
				"${PODS_ROOT}/PopdeemSDK/PopdeemSDK/UIKit/Resources/pd_message@3x.png",
				"${PODS_ROOT}/PopdeemSDK/PopdeemSDK/UIKit/Resources/Twitter_Logo_Blue.png",
				"${PODS_ROOT}/PopdeemSDK/PopdeemSDK/UIKit/Resources/Twitter_Logo_Blue@2x.png",
				"${PODS_ROOT}/PopdeemSDK/PopdeemSDK/UIKit/Resources/Twitter_Logo_Blue@3x.png",
				"${PODS_ROOT}/PopdeemSDK/PopdeemSDK/UIKit/Reward/PDUIRedeemViewController.xib",
				"${PODS_ROOT}/PopdeemSDK/PopdeemSDK/UIKit/Settings/PDUILogoutTableViewCell.xib",
				"${PODS_ROOT}/PopdeemSDK/PopdeemSDK/UIKit/Settings/PDUISettingsViewController.xib",
				"${PODS_ROOT}/PopdeemSDK/PopdeemSDK/UIKit/Settings/PDUISocialSettingsTableViewCell.xib",
				"${PODS_ROOT}/PopdeemSDK/PopdeemSDK/UIKit/Twitter/Login/PDUITwitterLoginViewController.xib",
				"${PODS_CONFIGURATION_BUILD_DIR}/TOCropViewController/TOCropViewControllerBundle.bundle",
				"${PODS_ROOT}/TwitterKit/iOS/TwitterKit.framework/TwitterKitResources.bundle",
			);
			name = "[CP] Copy Pods Resources";
			outputFileListPaths = (
			);
			outputPaths = (
				"${TARGET_BUILD_DIR}/${UNLOCALIZED_RESOURCES_FOLDER_PATH}/FacebookSDKStrings.bundle",
				"${TARGET_BUILD_DIR}/${UNLOCALIZED_RESOURCES_FOLDER_PATH}/pduikit_brand_placeholder.png",
				"${TARGET_BUILD_DIR}/${UNLOCALIZED_RESOURCES_FOLDER_PATH}/pduikit_cancelbutton.png",
				"${TARGET_BUILD_DIR}/${UNLOCALIZED_RESOURCES_FOLDER_PATH}/pduikit_cancelbutton@2x.png",
				"${TARGET_BUILD_DIR}/${UNLOCALIZED_RESOURCES_FOLDER_PATH}/pduikit_cancelbutton@3x.png",
				"${TARGET_BUILD_DIR}/${UNLOCALIZED_RESOURCES_FOLDER_PATH}/pduikit_default_login.png",
				"${TARGET_BUILD_DIR}/${UNLOCALIZED_RESOURCES_FOLDER_PATH}/pduikit_default_login@2x.png",
				"${TARGET_BUILD_DIR}/${UNLOCALIZED_RESOURCES_FOLDER_PATH}/pduikit_default_login@3x.png",
				"${TARGET_BUILD_DIR}/${UNLOCALIZED_RESOURCES_FOLDER_PATH}/pduikit_instagramstep1.png",
				"${TARGET_BUILD_DIR}/${UNLOCALIZED_RESOURCES_FOLDER_PATH}/pduikit_instagramstep2.png",
				"${TARGET_BUILD_DIR}/${UNLOCALIZED_RESOURCES_FOLDER_PATH}/pduikit_popdeemArrowB.png",
				"${TARGET_BUILD_DIR}/${UNLOCALIZED_RESOURCES_FOLDER_PATH}/pduikit_popdeemArrowB@2x.png",
				"${TARGET_BUILD_DIR}/${UNLOCALIZED_RESOURCES_FOLDER_PATH}/pduikit_popdeemArrowB@3x.png",
				"${TARGET_BUILD_DIR}/${UNLOCALIZED_RESOURCES_FOLDER_PATH}/PDUIBrandPlaceHolderTableViewCell.nib",
				"${TARGET_BUILD_DIR}/${UNLOCALIZED_RESOURCES_FOLDER_PATH}/PDUIBrandSearchTableViewCell.nib",
				"${TARGET_BUILD_DIR}/${UNLOCALIZED_RESOURCES_FOLDER_PATH}/PDUIBrandsListTableViewController.nib",
				"${TARGET_BUILD_DIR}/${UNLOCALIZED_RESOURCES_FOLDER_PATH}/PDUIBrandTableViewCell.nib",
				"${TARGET_BUILD_DIR}/${UNLOCALIZED_RESOURCES_FOLDER_PATH}/PDUIClaimViewController.nib",
				"${TARGET_BUILD_DIR}/${UNLOCALIZED_RESOURCES_FOLDER_PATH}/PDUIScanFailViewController.nib",
				"${TARGET_BUILD_DIR}/${UNLOCALIZED_RESOURCES_FOLDER_PATH}/PDUIPostScanViewController.nib",
				"${TARGET_BUILD_DIR}/${UNLOCALIZED_RESOURCES_FOLDER_PATH}/PDUIInstagramScanViewController.nib",
				"${TARGET_BUILD_DIR}/${UNLOCALIZED_RESOURCES_FOLDER_PATH}/PDUIScanViewController.nib",
				"${TARGET_BUILD_DIR}/${UNLOCALIZED_RESOURCES_FOLDER_PATH}/PDUISelectNetworkViewController.nib",
				"${TARGET_BUILD_DIR}/${UNLOCALIZED_RESOURCES_FOLDER_PATH}/PDUIAddPhotoTableViewCell.nib",
				"${TARGET_BUILD_DIR}/${UNLOCALIZED_RESOURCES_FOLDER_PATH}/PDUIClaimInfoTableViewCell.nib",
				"${TARGET_BUILD_DIR}/${UNLOCALIZED_RESOURCES_FOLDER_PATH}/PDUIClaimRewardTableViewCell.nib",
				"${TARGET_BUILD_DIR}/${UNLOCALIZED_RESOURCES_FOLDER_PATH}/PDUIScanNowTableViewCell.nib",
				"${TARGET_BUILD_DIR}/${UNLOCALIZED_RESOURCES_FOLDER_PATH}/PDUISocialClaimTableViewCell.nib",
				"${TARGET_BUILD_DIR}/${UNLOCALIZED_RESOURCES_FOLDER_PATH}/PDUIClaimV2ViewController.nib",
				"${TARGET_BUILD_DIR}/${UNLOCALIZED_RESOURCES_FOLDER_PATH}/PDUIFBLoginWithWritePermsViewController.nib",
				"${TARGET_BUILD_DIR}/${UNLOCALIZED_RESOURCES_FOLDER_PATH}/PDUIFriendPickerViewController.nib",
				"${TARGET_BUILD_DIR}/${UNLOCALIZED_RESOURCES_FOLDER_PATH}/PDUIGratitudeViewController.nib",
				"${TARGET_BUILD_DIR}/${UNLOCALIZED_RESOURCES_FOLDER_PATH}/PDUINoRewardTableViewCell.nib",
				"${TARGET_BUILD_DIR}/${UNLOCALIZED_RESOURCES_FOLDER_PATH}/PDUIProfileButtonTableViewCell.nib",
				"${TARGET_BUILD_DIR}/${UNLOCALIZED_RESOURCES_FOLDER_PATH}/ProfileTableViewCell.nib",
				"${TARGET_BUILD_DIR}/${UNLOCALIZED_RESOURCES_FOLDER_PATH}/PDUIRewardWithRulesTableViewCell.nib",
				"${TARGET_BUILD_DIR}/${UNLOCALIZED_RESOURCES_FOLDER_PATH}/PDUIRewardV2TableViewCell.nib",
				"${TARGET_BUILD_DIR}/${UNLOCALIZED_RESOURCES_FOLDER_PATH}/PDUIInstagramUnverifiedWalletTableViewCell.nib",
				"${TARGET_BUILD_DIR}/${UNLOCALIZED_RESOURCES_FOLDER_PATH}/PDUITierEventTableViewCell.nib",
				"${TARGET_BUILD_DIR}/${UNLOCALIZED_RESOURCES_FOLDER_PATH}/PDUIWalletRewardTableViewCell.nib",
				"${TARGET_BUILD_DIR}/${UNLOCALIZED_RESOURCES_FOLDER_PATH}/PDUIHomeViewController.nib",
				"${TARGET_BUILD_DIR}/${UNLOCALIZED_RESOURCES_FOLDER_PATH}/PDUIInstagramWebViewController.nib",
				"${TARGET_BUILD_DIR}/${UNLOCALIZED_RESOURCES_FOLDER_PATH}/PDMultiLoginViewController.nib",
				"${TARGET_BUILD_DIR}/${UNLOCALIZED_RESOURCES_FOLDER_PATH}/PDUISocialLoginViewController.nib",
				"${TARGET_BUILD_DIR}/${UNLOCALIZED_RESOURCES_FOLDER_PATH}/PDUIMessageCell.nib",
				"${TARGET_BUILD_DIR}/${UNLOCALIZED_RESOURCES_FOLDER_PATH}/PDUIMsgCntrTblViewController.nib",
				"${TARGET_BUILD_DIR}/${UNLOCALIZED_RESOURCES_FOLDER_PATH}/PDUISingleMessageViewController.nib",
				"${TARGET_BUILD_DIR}/${UNLOCALIZED_RESOURCES_FOLDER_PATH}/PlaceholderTableViewCell.nib",
				"${TARGET_BUILD_DIR}/${UNLOCALIZED_RESOURCES_FOLDER_PATH}/ambassador_icon_default.png",
				"${TARGET_BUILD_DIR}/${UNLOCALIZED_RESOURCES_FOLDER_PATH}/ambassador_icon_default@2x.png",
				"${TARGET_BUILD_DIR}/${UNLOCALIZED_RESOURCES_FOLDER_PATH}/ambassador_icon_default@3x.png",
				"${TARGET_BUILD_DIR}/${UNLOCALIZED_RESOURCES_FOLDER_PATH}/bluePopdeemHeader.png",
				"${TARGET_BUILD_DIR}/${UNLOCALIZED_RESOURCES_FOLDER_PATH}/bluePopdeemHeader@2x.png",
				"${TARGET_BUILD_DIR}/${UNLOCALIZED_RESOURCES_FOLDER_PATH}/bluePopdeemHeader@3x.png",
				"${TARGET_BUILD_DIR}/${UNLOCALIZED_RESOURCES_FOLDER_PATH}/default.json",
				"${TARGET_BUILD_DIR}/${UNLOCALIZED_RESOURCES_FOLDER_PATH}/default_theme.json",
				"${TARGET_BUILD_DIR}/${UNLOCALIZED_RESOURCES_FOLDER_PATH}/Facebook App Icon.png",
				"${TARGET_BUILD_DIR}/${UNLOCALIZED_RESOURCES_FOLDER_PATH}/pduikit-branddummycell.png",
				"${TARGET_BUILD_DIR}/${UNLOCALIZED_RESOURCES_FOLDER_PATH}/pduikit-branddummycell@2x.png",
				"${TARGET_BUILD_DIR}/${UNLOCALIZED_RESOURCES_FOLDER_PATH}/pduikit-branddummycell@3x.png",
				"${TARGET_BUILD_DIR}/${UNLOCALIZED_RESOURCES_FOLDER_PATH}/pduikit_addFriend.png",
				"${TARGET_BUILD_DIR}/${UNLOCALIZED_RESOURCES_FOLDER_PATH}/pduikit_addFriend@2x.png",
				"${TARGET_BUILD_DIR}/${UNLOCALIZED_RESOURCES_FOLDER_PATH}/pduikit_addFriend@3x.png",
				"${TARGET_BUILD_DIR}/${UNLOCALIZED_RESOURCES_FOLDER_PATH}/pduikit_arrowB.png",
				"${TARGET_BUILD_DIR}/${UNLOCALIZED_RESOURCES_FOLDER_PATH}/pduikit_arrowB@2x.png",
				"${TARGET_BUILD_DIR}/${UNLOCALIZED_RESOURCES_FOLDER_PATH}/pduikit_arrowB@3x.png",
				"${TARGET_BUILD_DIR}/${UNLOCALIZED_RESOURCES_FOLDER_PATH}/pduikit_arrow_g.png",
				"${TARGET_BUILD_DIR}/${UNLOCALIZED_RESOURCES_FOLDER_PATH}/pduikit_arrow_g@2x.png",
				"${TARGET_BUILD_DIR}/${UNLOCALIZED_RESOURCES_FOLDER_PATH}/pduikit_arrow_g@3x.png",
				"${TARGET_BUILD_DIR}/${UNLOCALIZED_RESOURCES_FOLDER_PATH}/pduikit_camera.png",
				"${TARGET_BUILD_DIR}/${UNLOCALIZED_RESOURCES_FOLDER_PATH}/pduikit_camera@2x.png",
				"${TARGET_BUILD_DIR}/${UNLOCALIZED_RESOURCES_FOLDER_PATH}/pduikit_camera@3x.png",
				"${TARGET_BUILD_DIR}/${UNLOCALIZED_RESOURCES_FOLDER_PATH}/pduikit_default_login_blue.png",
				"${TARGET_BUILD_DIR}/${UNLOCALIZED_RESOURCES_FOLDER_PATH}/pduikit_default_login_blue@2x.png",
				"${TARGET_BUILD_DIR}/${UNLOCALIZED_RESOURCES_FOLDER_PATH}/pduikit_default_login_blue@3x.png",
				"${TARGET_BUILD_DIR}/${UNLOCALIZED_RESOURCES_FOLDER_PATH}/pduikit_default_user.png",
				"${TARGET_BUILD_DIR}/${UNLOCALIZED_RESOURCES_FOLDER_PATH}/pduikit_deselectedCheck.png",
				"${TARGET_BUILD_DIR}/${UNLOCALIZED_RESOURCES_FOLDER_PATH}/pduikit_deselectedCheck@2x.png",
				"${TARGET_BUILD_DIR}/${UNLOCALIZED_RESOURCES_FOLDER_PATH}/pduikit_deselectedCheck@3x.png",
				"${TARGET_BUILD_DIR}/${UNLOCALIZED_RESOURCES_FOLDER_PATH}/pduikit_facebook_hires.png",
				"${TARGET_BUILD_DIR}/${UNLOCALIZED_RESOURCES_FOLDER_PATH}/pduikit_facebook_hires@2x.png",
				"${TARGET_BUILD_DIR}/${UNLOCALIZED_RESOURCES_FOLDER_PATH}/pduikit_facebook_hires@3x.png",
				"${TARGET_BUILD_DIR}/${UNLOCALIZED_RESOURCES_FOLDER_PATH}/pduikit_facebook_noapp.png",
				"${TARGET_BUILD_DIR}/${UNLOCALIZED_RESOURCES_FOLDER_PATH}/pduikit_facebook_noapp@2x.png",
				"${TARGET_BUILD_DIR}/${UNLOCALIZED_RESOURCES_FOLDER_PATH}/pduikit_facebook_noapp@3x.png",
				"${TARGET_BUILD_DIR}/${UNLOCALIZED_RESOURCES_FOLDER_PATH}/pduikit_facebook_step1.png",
				"${TARGET_BUILD_DIR}/${UNLOCALIZED_RESOURCES_FOLDER_PATH}/pduikit_facebook_step1@2x.png",
				"${TARGET_BUILD_DIR}/${UNLOCALIZED_RESOURCES_FOLDER_PATH}/pduikit_facebook_step1@3x.png",
				"${TARGET_BUILD_DIR}/${UNLOCALIZED_RESOURCES_FOLDER_PATH}/pduikit_fbbutton_deselected.png",
				"${TARGET_BUILD_DIR}/${UNLOCALIZED_RESOURCES_FOLDER_PATH}/pduikit_fbbutton_deselected@2x.png",
				"${TARGET_BUILD_DIR}/${UNLOCALIZED_RESOURCES_FOLDER_PATH}/pduikit_fbbutton_deselected@3x.png",
				"${TARGET_BUILD_DIR}/${UNLOCALIZED_RESOURCES_FOLDER_PATH}/pduikit_fbbutton_selected.png",
				"${TARGET_BUILD_DIR}/${UNLOCALIZED_RESOURCES_FOLDER_PATH}/pduikit_fbbutton_selected@2x.png",
				"${TARGET_BUILD_DIR}/${UNLOCALIZED_RESOURCES_FOLDER_PATH}/pduikit_fbbutton_selected@3x.png",
				"${TARGET_BUILD_DIR}/${UNLOCALIZED_RESOURCES_FOLDER_PATH}/pduikit_fb_hi.png",
				"${TARGET_BUILD_DIR}/${UNLOCALIZED_RESOURCES_FOLDER_PATH}/pduikit_fb_hi@2x.png",
				"${TARGET_BUILD_DIR}/${UNLOCALIZED_RESOURCES_FOLDER_PATH}/pduikit_fb_hi@3x.png",
				"${TARGET_BUILD_DIR}/${UNLOCALIZED_RESOURCES_FOLDER_PATH}/pduikit_fb_step1.png",
				"${TARGET_BUILD_DIR}/${UNLOCALIZED_RESOURCES_FOLDER_PATH}/pduikit_fb_step1@2x.png",
				"${TARGET_BUILD_DIR}/${UNLOCALIZED_RESOURCES_FOLDER_PATH}/pduikit_fb_step1@3x.png",
				"${TARGET_BUILD_DIR}/${UNLOCALIZED_RESOURCES_FOLDER_PATH}/pduikit_instagrambutton_deselected.png",
				"${TARGET_BUILD_DIR}/${UNLOCALIZED_RESOURCES_FOLDER_PATH}/pduikit_instagrambutton_deselected@2x.png",
				"${TARGET_BUILD_DIR}/${UNLOCALIZED_RESOURCES_FOLDER_PATH}/pduikit_instagrambutton_deselected@3x.png",
				"${TARGET_BUILD_DIR}/${UNLOCALIZED_RESOURCES_FOLDER_PATH}/pduikit_instagrambutton_selected.png",
				"${TARGET_BUILD_DIR}/${UNLOCALIZED_RESOURCES_FOLDER_PATH}/pduikit_instagrambutton_selected@2x.png",
				"${TARGET_BUILD_DIR}/${UNLOCALIZED_RESOURCES_FOLDER_PATH}/pduikit_instagrambutton_selected@3x.png",
				"${TARGET_BUILD_DIR}/${UNLOCALIZED_RESOURCES_FOLDER_PATH}/pduikit_instagramstep3.png",
				"${TARGET_BUILD_DIR}/${UNLOCALIZED_RESOURCES_FOLDER_PATH}/pduikit_instagram_hi.png",
				"${TARGET_BUILD_DIR}/${UNLOCALIZED_RESOURCES_FOLDER_PATH}/pduikit_instagram_hi@2x.png",
				"${TARGET_BUILD_DIR}/${UNLOCALIZED_RESOURCES_FOLDER_PATH}/pduikit_instagram_hi@3x.png",
				"${TARGET_BUILD_DIR}/${UNLOCALIZED_RESOURCES_FOLDER_PATH}/pduikit_instagram_hires.png",
				"${TARGET_BUILD_DIR}/${UNLOCALIZED_RESOURCES_FOLDER_PATH}/pduikit_mail.png",
				"${TARGET_BUILD_DIR}/${UNLOCALIZED_RESOURCES_FOLDER_PATH}/pduikit_mail@2x.png",
				"${TARGET_BUILD_DIR}/${UNLOCALIZED_RESOURCES_FOLDER_PATH}/pduikit_mail@3x.png",
				"${TARGET_BUILD_DIR}/${UNLOCALIZED_RESOURCES_FOLDER_PATH}/pduikit_mailCircle.png",
				"${TARGET_BUILD_DIR}/${UNLOCALIZED_RESOURCES_FOLDER_PATH}/pduikit_mail_blue.png",
				"${TARGET_BUILD_DIR}/${UNLOCALIZED_RESOURCES_FOLDER_PATH}/pduikit_placeholder.png",
				"${TARGET_BUILD_DIR}/${UNLOCALIZED_RESOURCES_FOLDER_PATH}/pduikit_popdeemHeader.png",
				"${TARGET_BUILD_DIR}/${UNLOCALIZED_RESOURCES_FOLDER_PATH}/pduikit_popdeemHeader@2x.png",
				"${TARGET_BUILD_DIR}/${UNLOCALIZED_RESOURCES_FOLDER_PATH}/pduikit_popdeemHeader@3x.png",
				"${TARGET_BUILD_DIR}/${UNLOCALIZED_RESOURCES_FOLDER_PATH}/pduikit_popdeemHeaderLight.png",
				"${TARGET_BUILD_DIR}/${UNLOCALIZED_RESOURCES_FOLDER_PATH}/pduikit_popdeemHeaderLight@2x.png",
				"${TARGET_BUILD_DIR}/${UNLOCALIZED_RESOURCES_FOLDER_PATH}/pduikit_popdeemHeaderLight@3x.png",
				"${TARGET_BUILD_DIR}/${UNLOCALIZED_RESOURCES_FOLDER_PATH}/pduikit_rainbow.png",
				"${TARGET_BUILD_DIR}/${UNLOCALIZED_RESOURCES_FOLDER_PATH}/pduikit_rainbow@2x.png",
				"${TARGET_BUILD_DIR}/${UNLOCALIZED_RESOURCES_FOLDER_PATH}/pduikit_rainbow@3x.png",
				"${TARGET_BUILD_DIR}/${UNLOCALIZED_RESOURCES_FOLDER_PATH}/pduikit_refresh.png",
				"${TARGET_BUILD_DIR}/${UNLOCALIZED_RESOURCES_FOLDER_PATH}/pduikit_refresh@2x.png",
				"${TARGET_BUILD_DIR}/${UNLOCALIZED_RESOURCES_FOLDER_PATH}/pduikit_refresh@3x.png",
				"${TARGET_BUILD_DIR}/${UNLOCALIZED_RESOURCES_FOLDER_PATH}/pduikit_rewardsIcon.png",
				"${TARGET_BUILD_DIR}/${UNLOCALIZED_RESOURCES_FOLDER_PATH}/pduikit_rewardsIcon@2x.png",
				"${TARGET_BUILD_DIR}/${UNLOCALIZED_RESOURCES_FOLDER_PATH}/pduikit_rewardsIconSuccess.png",
				"${TARGET_BUILD_DIR}/${UNLOCALIZED_RESOURCES_FOLDER_PATH}/pduikit_rewardsIconSuccess@2x.png",
				"${TARGET_BUILD_DIR}/${UNLOCALIZED_RESOURCES_FOLDER_PATH}/pduikit_search.png",
				"${TARGET_BUILD_DIR}/${UNLOCALIZED_RESOURCES_FOLDER_PATH}/pduikit_selectedCheck.png",
				"${TARGET_BUILD_DIR}/${UNLOCALIZED_RESOURCES_FOLDER_PATH}/pduikit_selectedCheck@2x.png",
				"${TARGET_BUILD_DIR}/${UNLOCALIZED_RESOURCES_FOLDER_PATH}/pduikit_selectedCheck@3x.png",
				"${TARGET_BUILD_DIR}/${UNLOCALIZED_RESOURCES_FOLDER_PATH}/pduikit_settings.png",
				"${TARGET_BUILD_DIR}/${UNLOCALIZED_RESOURCES_FOLDER_PATH}/pduikit_settings@2x.png",
				"${TARGET_BUILD_DIR}/${UNLOCALIZED_RESOURCES_FOLDER_PATH}/pduikit_settings@3x.png",
				"${TARGET_BUILD_DIR}/${UNLOCALIZED_RESOURCES_FOLDER_PATH}/pduikit_starG.png",
				"${TARGET_BUILD_DIR}/${UNLOCALIZED_RESOURCES_FOLDER_PATH}/pduikit_starG@2x.png",
				"${TARGET_BUILD_DIR}/${UNLOCALIZED_RESOURCES_FOLDER_PATH}/pduikit_starG@3x.png",
				"${TARGET_BUILD_DIR}/${UNLOCALIZED_RESOURCES_FOLDER_PATH}/pduikit_tagGoButton.png",
				"${TARGET_BUILD_DIR}/${UNLOCALIZED_RESOURCES_FOLDER_PATH}/pduikit_tickG.png",
				"${TARGET_BUILD_DIR}/${UNLOCALIZED_RESOURCES_FOLDER_PATH}/pduikit_tickG@2x.png",
				"${TARGET_BUILD_DIR}/${UNLOCALIZED_RESOURCES_FOLDER_PATH}/pduikit_tickG@3x.png",
				"${TARGET_BUILD_DIR}/${UNLOCALIZED_RESOURCES_FOLDER_PATH}/pduikit_tickGrey.png",
				"${TARGET_BUILD_DIR}/${UNLOCALIZED_RESOURCES_FOLDER_PATH}/pduikit_tickGrey@2x.png",
				"${TARGET_BUILD_DIR}/${UNLOCALIZED_RESOURCES_FOLDER_PATH}/pduikit_tickGrey@3x.png",
				"${TARGET_BUILD_DIR}/${UNLOCALIZED_RESOURCES_FOLDER_PATH}/pduikit_twitterbutton_deselected.png",
				"${TARGET_BUILD_DIR}/${UNLOCALIZED_RESOURCES_FOLDER_PATH}/pduikit_twitterbutton_deselected@2x.png",
				"${TARGET_BUILD_DIR}/${UNLOCALIZED_RESOURCES_FOLDER_PATH}/pduikit_twitterbutton_deselected@3x.png",
				"${TARGET_BUILD_DIR}/${UNLOCALIZED_RESOURCES_FOLDER_PATH}/pduikit_twitterbutton_selected.png",
				"${TARGET_BUILD_DIR}/${UNLOCALIZED_RESOURCES_FOLDER_PATH}/pduikit_twitterbutton_selected@2x.png",
				"${TARGET_BUILD_DIR}/${UNLOCALIZED_RESOURCES_FOLDER_PATH}/pduikit_twitterbutton_selected@3x.png",
				"${TARGET_BUILD_DIR}/${UNLOCALIZED_RESOURCES_FOLDER_PATH}/pduikit_x.png",
				"${TARGET_BUILD_DIR}/${UNLOCALIZED_RESOURCES_FOLDER_PATH}/pduikit_x@2x.png",
				"${TARGET_BUILD_DIR}/${UNLOCALIZED_RESOURCES_FOLDER_PATH}/pduikit_x@3x copy.png",
				"${TARGET_BUILD_DIR}/${UNLOCALIZED_RESOURCES_FOLDER_PATH}/pduikit_x_icon.png",
				"${TARGET_BUILD_DIR}/${UNLOCALIZED_RESOURCES_FOLDER_PATH}/pduikit_x_white.png",
				"${TARGET_BUILD_DIR}/${UNLOCALIZED_RESOURCES_FOLDER_PATH}/pduikit_x_white@2x.png",
				"${TARGET_BUILD_DIR}/${UNLOCALIZED_RESOURCES_FOLDER_PATH}/pduikit_x_white@3x.png",
				"${TARGET_BUILD_DIR}/${UNLOCALIZED_RESOURCES_FOLDER_PATH}/pduirewardfacebookicon.png",
				"${TARGET_BUILD_DIR}/${UNLOCALIZED_RESOURCES_FOLDER_PATH}/pduirewardfacebookicon@2x.png",
				"${TARGET_BUILD_DIR}/${UNLOCALIZED_RESOURCES_FOLDER_PATH}/pduirewardfacebookicon@3x.png",
				"${TARGET_BUILD_DIR}/${UNLOCALIZED_RESOURCES_FOLDER_PATH}/pduirewardinstagramicon.png",
				"${TARGET_BUILD_DIR}/${UNLOCALIZED_RESOURCES_FOLDER_PATH}/pduirewardinstagramicon@2x.png",
				"${TARGET_BUILD_DIR}/${UNLOCALIZED_RESOURCES_FOLDER_PATH}/pduirewardinstagramicon@3x.png",
				"${TARGET_BUILD_DIR}/${UNLOCALIZED_RESOURCES_FOLDER_PATH}/pduirewardtwittericon.png",
				"${TARGET_BUILD_DIR}/${UNLOCALIZED_RESOURCES_FOLDER_PATH}/pduirewardtwittericon@2x.png",
				"${TARGET_BUILD_DIR}/${UNLOCALIZED_RESOURCES_FOLDER_PATH}/pduirewardtwittericon@3x.png",
				"${TARGET_BUILD_DIR}/${UNLOCALIZED_RESOURCES_FOLDER_PATH}/PDUI_Back.png",
				"${TARGET_BUILD_DIR}/${UNLOCALIZED_RESOURCES_FOLDER_PATH}/PDUI_Back@2x.png",
				"${TARGET_BUILD_DIR}/${UNLOCALIZED_RESOURCES_FOLDER_PATH}/PDUI_Back@3x.png",
				"${TARGET_BUILD_DIR}/${UNLOCALIZED_RESOURCES_FOLDER_PATH}/pdui_camera_icon.png",
				"${TARGET_BUILD_DIR}/${UNLOCALIZED_RESOURCES_FOLDER_PATH}/pdui_camera_icon@2x.png",
				"${TARGET_BUILD_DIR}/${UNLOCALIZED_RESOURCES_FOLDER_PATH}/pdui_camera_icon@3x.png",
				"${TARGET_BUILD_DIR}/${UNLOCALIZED_RESOURCES_FOLDER_PATH}/pdui_default_user_image.png",
				"${TARGET_BUILD_DIR}/${UNLOCALIZED_RESOURCES_FOLDER_PATH}/pdui_default_user_image@2x.png",
				"${TARGET_BUILD_DIR}/${UNLOCALIZED_RESOURCES_FOLDER_PATH}/pdui_default_user_image@3x.png",
				"${TARGET_BUILD_DIR}/${UNLOCALIZED_RESOURCES_FOLDER_PATH}/pdui_facebook_icon2.png",
				"${TARGET_BUILD_DIR}/${UNLOCALIZED_RESOURCES_FOLDER_PATH}/pdui_facebook_icon2@2x.png",
				"${TARGET_BUILD_DIR}/${UNLOCALIZED_RESOURCES_FOLDER_PATH}/pdui_facebook_icon2@3x.png",
				"${TARGET_BUILD_DIR}/${UNLOCALIZED_RESOURCES_FOLDER_PATH}/PDUI_IGBG.png",
				"${TARGET_BUILD_DIR}/${UNLOCALIZED_RESOURCES_FOLDER_PATH}/PDUI_IGBG@2x.png",
				"${TARGET_BUILD_DIR}/${UNLOCALIZED_RESOURCES_FOLDER_PATH}/PDUI_IGBG@3x.png",
				"${TARGET_BUILD_DIR}/${UNLOCALIZED_RESOURCES_FOLDER_PATH}/pdui_instagram_icon2.png",
				"${TARGET_BUILD_DIR}/${UNLOCALIZED_RESOURCES_FOLDER_PATH}/pdui_instagram_icon2@2x.png",
				"${TARGET_BUILD_DIR}/${UNLOCALIZED_RESOURCES_FOLDER_PATH}/pdui_instagram_icon2@3x.png",
				"${TARGET_BUILD_DIR}/${UNLOCALIZED_RESOURCES_FOLDER_PATH}/pdui_magnify_icon.png",
				"${TARGET_BUILD_DIR}/${UNLOCALIZED_RESOURCES_FOLDER_PATH}/pdui_magnify_icon@2x.png",
				"${TARGET_BUILD_DIR}/${UNLOCALIZED_RESOURCES_FOLDER_PATH}/pdui_magnify_icon@3x.png",
				"${TARGET_BUILD_DIR}/${UNLOCALIZED_RESOURCES_FOLDER_PATH}/pdui_twitter_icon2.png",
				"${TARGET_BUILD_DIR}/${UNLOCALIZED_RESOURCES_FOLDER_PATH}/pdui_twitter_icon2@2x.png",
				"${TARGET_BUILD_DIR}/${UNLOCALIZED_RESOURCES_FOLDER_PATH}/pdui_twitter_icon2@3x.png",
				"${TARGET_BUILD_DIR}/${UNLOCALIZED_RESOURCES_FOLDER_PATH}/pd_message.png",
				"${TARGET_BUILD_DIR}/${UNLOCALIZED_RESOURCES_FOLDER_PATH}/pd_message@2x.png",
				"${TARGET_BUILD_DIR}/${UNLOCALIZED_RESOURCES_FOLDER_PATH}/pd_message@3x.png",
				"${TARGET_BUILD_DIR}/${UNLOCALIZED_RESOURCES_FOLDER_PATH}/Twitter_Logo_Blue.png",
				"${TARGET_BUILD_DIR}/${UNLOCALIZED_RESOURCES_FOLDER_PATH}/Twitter_Logo_Blue@2x.png",
				"${TARGET_BUILD_DIR}/${UNLOCALIZED_RESOURCES_FOLDER_PATH}/Twitter_Logo_Blue@3x.png",
				"${TARGET_BUILD_DIR}/${UNLOCALIZED_RESOURCES_FOLDER_PATH}/PDUIRedeemViewController.nib",
				"${TARGET_BUILD_DIR}/${UNLOCALIZED_RESOURCES_FOLDER_PATH}/PDUILogoutTableViewCell.nib",
				"${TARGET_BUILD_DIR}/${UNLOCALIZED_RESOURCES_FOLDER_PATH}/PDUISettingsViewController.nib",
				"${TARGET_BUILD_DIR}/${UNLOCALIZED_RESOURCES_FOLDER_PATH}/PDUISocialSettingsTableViewCell.nib",
				"${TARGET_BUILD_DIR}/${UNLOCALIZED_RESOURCES_FOLDER_PATH}/PDUITwitterLoginViewController.nib",
				"${TARGET_BUILD_DIR}/${UNLOCALIZED_RESOURCES_FOLDER_PATH}/TOCropViewControllerBundle.bundle",
				"${TARGET_BUILD_DIR}/${UNLOCALIZED_RESOURCES_FOLDER_PATH}/TwitterKitResources.bundle",
			);
			runOnlyForDeploymentPostprocessing = 0;
			shellPath = /bin/sh;
			shellScript = "\"${SRCROOT}/Pods/Target Support Files/Pods-HelloCordova/Pods-HelloCordova-resources.sh\"\n";
			showEnvVarsInLog = 0;
		};
/* End PBXShellScriptBuildPhase section */

/* Begin PBXSourcesBuildPhase section */
		1D60588E0D05DD3D006BFB54 /* Sources */ = {
			isa = PBXSourcesBuildPhase;
			buildActionMask = 2147483647;
			files = (
				1D60589B0D05DD56006BFB54 /* main.m in Sources */,
				1D3623260D0F684500981E51 /* AppDelegate.m in Sources */,
				302D95F114D2391D003F00A1 /* MainViewController.m in Sources */,
				C1F4A43F549148CEB5DF5E6D /* Popdeem.m in Sources */,
				93465A16D84749D583A59256 /* AppDelegate+popdeem.m in Sources */,
			);
			runOnlyForDeploymentPostprocessing = 0;
		};
/* End PBXSourcesBuildPhase section */

/* Begin PBXTargetDependency section */
		301BF551109A68C00062928A /* PBXTargetDependency */ = {
			isa = PBXTargetDependency;
			name = CordovaLib;
			targetProxy = 301BF550109A68C00062928A /* PBXContainerItemProxy */;
		};
/* End PBXTargetDependency section */

/* Begin XCBuildConfiguration section */
		1D6058940D05DD3E006BFB54 /* Debug */ = {
			isa = XCBuildConfiguration;
			baseConfigurationReference = 3047A50F1AB8059700498E2A /* build-debug.xcconfig */;
			buildSettings = {
				ALWAYS_SEARCH_USER_PATHS = NO;
				ASSETCATALOG_COMPILER_APPICON_NAME = AppIcon;
				ASSETCATALOG_COMPILER_LAUNCHIMAGE_NAME = LaunchImage;
				CLANG_ENABLE_MODULES = YES;
				CLANG_ENABLE_OBJC_ARC = YES;
				COPY_PHASE_STRIP = NO;
				DEVELOPMENT_TEAM = 8PLB96W655;
				GCC_DYNAMIC_NO_PIC = NO;
				GCC_OPTIMIZATION_LEVEL = 0;
				GCC_PRECOMPILE_PREFIX_HEADER = YES;
				GCC_PREFIX_HEADER = "HelloCordova/HelloCordova-Prefix.pch";
				GCC_THUMB_SUPPORT = NO;
				GCC_VERSION = "";
				INFOPLIST_FILE = "HelloCordova/HelloCordova-Info.plist";
				IPHONEOS_DEPLOYMENT_TARGET = 9.0;
				LD_RUNPATH_SEARCH_PATHS = "@executable_path/Frameworks";
				PRODUCT_NAME = HelloCordova;
				TARGETED_DEVICE_FAMILY = "1,2";
			};
			name = Debug;
		};
		1D6058950D05DD3E006BFB54 /* Release */ = {
			isa = XCBuildConfiguration;
			baseConfigurationReference = 3047A5101AB8059700498E2A /* build-release.xcconfig */;
			buildSettings = {
				ALWAYS_SEARCH_USER_PATHS = NO;
				ASSETCATALOG_COMPILER_APPICON_NAME = AppIcon;
				ASSETCATALOG_COMPILER_LAUNCHIMAGE_NAME = LaunchImage;
				CLANG_ENABLE_MODULES = YES;
				CLANG_ENABLE_OBJC_ARC = YES;
				COPY_PHASE_STRIP = YES;
				DEVELOPMENT_TEAM = 8PLB96W655;
				GCC_PRECOMPILE_PREFIX_HEADER = YES;
				GCC_PREFIX_HEADER = "HelloCordova/HelloCordova-Prefix.pch";
				GCC_THUMB_SUPPORT = NO;
				GCC_VERSION = "";
				INFOPLIST_FILE = "HelloCordova/HelloCordova-Info.plist";
				IPHONEOS_DEPLOYMENT_TARGET = 9.0;
				LD_RUNPATH_SEARCH_PATHS = "@executable_path/Frameworks";
				PRODUCT_NAME = HelloCordova;
				TARGETED_DEVICE_FAMILY = "1,2";
			};
			name = Release;
		};
		C01FCF4F08A954540054247B /* Debug */ = {
			isa = XCBuildConfiguration;
			baseConfigurationReference = 3047A5111AB8059700498E2A /* build.xcconfig */;
			buildSettings = {
				CLANG_ENABLE_MODULES = YES;
				CLANG_ENABLE_OBJC_ARC = YES;
				CLANG_WARN_BOOL_CONVERSION = YES;
				CLANG_WARN_CONSTANT_CONVERSION = YES;
				CLANG_WARN_EMPTY_BODY = YES;
				CLANG_WARN_ENUM_CONVERSION = YES;
				CLANG_WARN_INT_CONVERSION = YES;
				CLANG_WARN__DUPLICATE_METHOD_MATCH = YES;
				GCC_C_LANGUAGE_STANDARD = c99;
				GCC_THUMB_SUPPORT = NO;
				GCC_VERSION = "";
				GCC_WARN_ABOUT_RETURN_TYPE = YES;
				GCC_WARN_UNDECLARED_SELECTOR = YES;
				GCC_WARN_UNINITIALIZED_AUTOS = YES;
				GCC_WARN_UNUSED_FUNCTION = YES;
				GCC_WARN_UNUSED_VARIABLE = YES;
				IPHONEOS_DEPLOYMENT_TARGET = 7.0;
				ONLY_ACTIVE_ARCH = YES;
				SDKROOT = iphoneos;
				SKIP_INSTALL = NO;
			};
			name = Debug;
		};
		C01FCF5008A954540054247B /* Release */ = {
			isa = XCBuildConfiguration;
			baseConfigurationReference = 3047A5111AB8059700498E2A /* build.xcconfig */;
			buildSettings = {
				CLANG_ENABLE_MODULES = YES;
				CLANG_ENABLE_OBJC_ARC = YES;
				CLANG_WARN_BOOL_CONVERSION = YES;
				CLANG_WARN_CONSTANT_CONVERSION = YES;
				CLANG_WARN_EMPTY_BODY = YES;
				CLANG_WARN_ENUM_CONVERSION = YES;
				CLANG_WARN_INT_CONVERSION = YES;
				CLANG_WARN__DUPLICATE_METHOD_MATCH = YES;
				GCC_C_LANGUAGE_STANDARD = c99;
				GCC_THUMB_SUPPORT = NO;
				GCC_VERSION = "";
				GCC_WARN_ABOUT_RETURN_TYPE = YES;
				GCC_WARN_UNDECLARED_SELECTOR = YES;
				GCC_WARN_UNINITIALIZED_AUTOS = YES;
				GCC_WARN_UNUSED_FUNCTION = YES;
				GCC_WARN_UNUSED_VARIABLE = YES;
				IPHONEOS_DEPLOYMENT_TARGET = 7.0;
				SDKROOT = iphoneos;
				SKIP_INSTALL = NO;
			};
			name = Release;
		};
/* End XCBuildConfiguration section */

/* Begin XCConfigurationList section */
		1D6058960D05DD3E006BFB54 /* Build configuration list for PBXNativeTarget "HelloCordova" */ = {
			isa = XCConfigurationList;
			buildConfigurations = (
				1D6058940D05DD3E006BFB54 /* Debug */,
				1D6058950D05DD3E006BFB54 /* Release */,
			);
			defaultConfigurationIsVisible = 0;
			defaultConfigurationName = Release;
		};
		C01FCF4E08A954540054247B /* Build configuration list for PBXProject "HelloCordova" */ = {
			isa = XCConfigurationList;
			buildConfigurations = (
				C01FCF4F08A954540054247B /* Debug */,
				C01FCF5008A954540054247B /* Release */,
			);
			defaultConfigurationIsVisible = 0;
			defaultConfigurationName = Release;
		};
/* End XCConfigurationList section */
	};
	rootObject = 29B97313FDCFA39411CA2CEA /* Project object */;
}
